// !$*UTF8*$!
{
	archiveVersion = 1;
	classes = {
	};
	objectVersion = 77;
	objects = {

/* Begin PBXContainerItemProxy section */
		3646D9732F11F0D400D3017D /* PBXContainerItemProxy */ = {
			isa = PBXContainerItemProxy;
			containerPortal = 3646D95D2F11F0D300D3017D /* Project object */;
			proxyType = 1;
			remoteGlobalIDString = 3646D9642F11F0D300D3017D;
			remoteInfo = Sertifikasi_ISB;
		};
		3646D97D2F11F0D400D3017D /* PBXContainerItemProxy */ = {
			isa = PBXContainerItemProxy;
			containerPortal = 3646D95D2F11F0D300D3017D /* Project object */;
			proxyType = 1;
			remoteGlobalIDString = 3646D9642F11F0D300D3017D;
			remoteInfo = Sertifikasi_ISB;
		};
/* End PBXContainerItemProxy section */

/* Begin PBXFileReference section */
		3646D9652F11F0D300D3017D /* Sertifikasi_ISB.app */ = {isa = PBXFileReference; explicitFileType = wrapper.application; includeInIndex = 0; path = Sertifikasi_ISB.app; sourceTree = BUILT_PRODUCTS_DIR; };
		3646D9722F11F0D400D3017D /* Sertifikasi_ISBTests.xctest */ = {isa = PBXFileReference; explicitFileType = wrapper.cfbundle; includeInIndex = 0; path = Sertifikasi_ISBTests.xctest; sourceTree = BUILT_PRODUCTS_DIR; };
		3646D97C2F11F0D400D3017D /* Sertifikasi_ISBUITests.xctest */ = {isa = PBXFileReference; explicitFileType = wrapper.cfbundle; includeInIndex = 0; path = Sertifikasi_ISBUITests.xctest; sourceTree = BUILT_PRODUCTS_DIR; };
/* End PBXFileReference section */

/* Begin PBXFileSystemSynchronizedRootGroup section */
		3646D9672F11F0D300D3017D /* Sertifikasi_ISB */ = {
			isa = PBXFileSystemSynchronizedRootGroup;
			path = Sertifikasi_ISB;
			sourceTree = "<group>";
		};
		3646D9752F11F0D400D3017D /* Sertifikasi_ISBTests */ = {
			isa = PBXFileSystemSynchronizedRootGroup;
			path = Sertifikasi_ISBTests;
			sourceTree = "<group>";
		};
		3646D97F2F11F0D400D3017D /* Sertifikasi_ISBUITests */ = {
			isa = PBXFileSystemSynchronizedRootGroup;
			path = Sertifikasi_ISBUITests;
			sourceTree = "<group>";
		};
/* End PBXFileSystemSynchronizedRootGroup section */

/* Begin PBXFrameworksBuildPhase section */
		3646D9622F11F0D300D3017D /* Frameworks */ = {
			isa = PBXFrameworksBuildPhase;
			buildActionMask = 2147483647;
			files = (
			);
			runOnlyForDeploymentPostprocessing = 0;
		};
		3646D96F2F11F0D400D3017D /* Frameworks */ = {
			isa = PBXFrameworksBuildPhase;
			buildActionMask = 2147483647;
			files = (
			);
			runOnlyForDeploymentPostprocessing = 0;
		};
		3646D9792F11F0D400D3017D /* Frameworks */ = {
			isa = PBXFrameworksBuildPhase;
			buildActionMask = 2147483647;
			files = (
			);
			runOnlyForDeploymentPostprocessing = 0;
		};
/* End PBXFrameworksBuildPhase section */

/* Begin PBXGroup section */
		3646D95C2F11F0D300D3017D = {
			isa = PBXGroup;
			children = (
				3646D9672F11F0D300D3017D /* Sertifikasi_ISB */,
				3646D9752F11F0D400D3017D /* Sertifikasi_ISBTests */,
				3646D97F2F11F0D400D3017D /* Sertifikasi_ISBUITests */,
				3646D9662F11F0D300D3017D /* Products */,
			);
			sourceTree = "<group>";
		};
		3646D9662F11F0D300D3017D /* Products */ = {
			isa = PBXGroup;
			children = (
				3646D9652F11F0D300D3017D /* Sertifikasi_ISB.app */,
				3646D9722F11F0D400D3017D /* Sertifikasi_ISBTests.xctest */,
				3646D97C2F11F0D400D3017D /* Sertifikasi_ISBUITests.xctest */,
			);
			name = Products;
			sourceTree = "<group>";
		};
/* End PBXGroup section */

/* Begin PBXNativeTarget section */
		3646D9642F11F0D300D3017D /* Sertifikasi_ISB */ = {
			isa = PBXNativeTarget;
			buildConfigurationList = 3646D9862F11F0D400D3017D /* Build configuration list for PBXNativeTarget "Sertifikasi_ISB" */;
			buildPhases = (
				3646D9612F11F0D300D3017D /* Sources */,
				3646D9622F11F0D300D3017D /* Frameworks */,
				3646D9632F11F0D300D3017D /* Resources */,
			);
			buildRules = (
			);
			dependencies = (
			);
			fileSystemSynchronizedGroups = (
				3646D9672F11F0D300D3017D /* Sertifikasi_ISB */,
			);
			name = Sertifikasi_ISB;
			packageProductDependencies = (
			);
			productName = Sertifikasi_ISB;
			productReference = 3646D9652F11F0D300D3017D /* Sertifikasi_ISB.app */;
			productType = "com.apple.product-type.application";
		};
		3646D9712F11F0D400D3017D /* Sertifikasi_ISBTests */ = {
			isa = PBXNativeTarget;
			buildConfigurationList = 3646D9892F11F0D400D3017D /* Build configuration list for PBXNativeTarget "Sertifikasi_ISBTests" */;
			buildPhases = (
				3646D96E2F11F0D400D3017D /* Sources */,
				3646D96F2F11F0D400D3017D /* Frameworks */,
				3646D9702F11F0D400D3017D /* Resources */,
			);
			buildRules = (
			);
			dependencies = (
				3646D9742F11F0D400D3017D /* PBXTargetDependency */,
			);
			fileSystemSynchronizedGroups = (
				3646D9752F11F0D400D3017D /* Sertifikasi_ISBTests */,
			);
			name = Sertifikasi_ISBTests;
			packageProductDependencies = (
			);
			productName = Sertifikasi_ISBTests;
			productReference = 3646D9722F11F0D400D3017D /* Sertifikasi_ISBTests.xctest */;
			productType = "com.apple.product-type.bundle.unit-test";
		};
		3646D97B2F11F0D400D3017D /* Sertifikasi_ISBUITests */ = {
			isa = PBXNativeTarget;
			buildConfigurationList = 3646D98C2F11F0D400D3017D /* Build configuration list for PBXNativeTarget "Sertifikasi_ISBUITests" */;
			buildPhases = (
				3646D9782F11F0D400D3017D /* Sources */,
				3646D9792F11F0D400D3017D /* Frameworks */,
				3646D97A2F11F0D400D3017D /* Resources */,
			);
			buildRules = (
			);
			dependencies = (
				3646D97E2F11F0D400D3017D /* PBXTargetDependency */,
			);
			fileSystemSynchronizedGroups = (
				3646D97F2F11F0D400D3017D /* Sertifikasi_ISBUITests */,
			);
			name = Sertifikasi_ISBUITests;
			packageProductDependencies = (
			);
			productName = Sertifikasi_ISBUITests;
			productReference = 3646D97C2F11F0D400D3017D /* Sertifikasi_ISBUITests.xctest */;
			productType = "com.apple.product-type.bundle.ui-testing";
		};
/* End PBXNativeTarget section */

/* Begin PBXProject section */
		3646D95D2F11F0D300D3017D /* Project object */ = {
			isa = PBXProject;
			attributes = {
				BuildIndependentTargetsInParallel = 1;
				LastSwiftUpdateCheck = 2600;
				LastUpgradeCheck = 2600;
				TargetAttributes = {
					3646D9642F11F0D300D3017D = {
						CreatedOnToolsVersion = 26.0.1;
					};
					3646D9712F11F0D400D3017D = {
						CreatedOnToolsVersion = 26.0.1;
						TestTargetID = 3646D9642F11F0D300D3017D;
					};
					3646D97B2F11F0D400D3017D = {
						CreatedOnToolsVersion = 26.0.1;
						TestTargetID = 3646D9642F11F0D300D3017D;
					};
				};
			};
			buildConfigurationList = 3646D9602F11F0D300D3017D /* Build configuration list for PBXProject "Sertifikasi_ISB" */;
			developmentRegion = en;
			hasScannedForEncodings = 0;
			knownRegions = (
				en,
				Base,
			);
			mainGroup = 3646D95C2F11F0D300D3017D;
			minimizedProjectReferenceProxies = 1;
			preferredProjectObjectVersion = 77;
			productRefGroup = 3646D9662F11F0D300D3017D /* Products */;
			projectDirPath = "";
			projectRoot = "";
			targets = (
				3646D9642F11F0D300D3017D /* Sertifikasi_ISB */,
				3646D9712F11F0D400D3017D /* Sertifikasi_ISBTests */,
				3646D97B2F11F0D400D3017D /* Sertifikasi_ISBUITests */,
			);
		};
/* End PBXProject section */

/* Begin PBXResourcesBuildPhase section */
		3646D9632F11F0D300D3017D /* Resources */ = {
			isa = PBXResourcesBuildPhase;
			buildActionMask = 2147483647;
			files = (
			);
			runOnlyForDeploymentPostprocessing = 0;
		};
		3646D9702F11F0D400D3017D /* Resources */ = {
			isa = PBXResourcesBuildPhase;
			buildActionMask = 2147483647;
			files = (
			);
			runOnlyForDeploymentPostprocessing = 0;
		};
		3646D97A2F11F0D400D3017D /* Resources */ = {
			isa = PBXResourcesBuildPhase;
			buildActionMask = 2147483647;
			files = (
			);
			runOnlyForDeploymentPostprocessing = 0;
		};
/* End PBXResourcesBuildPhase section */

/* Begin PBXSourcesBuildPhase section */
		3646D9612F11F0D300D3017D /* Sources */ = {
			isa = PBXSourcesBuildPhase;
			buildActionMask = 2147483647;
			files = (
			);
			runOnlyForDeploymentPostprocessing = 0;
		};
		3646D96E2F11F0D400D3017D /* Sources */ = {
			isa = PBXSourcesBuildPhase;
			buildActionMask = 2147483647;
			files = (
			);
			runOnlyForDeploymentPostprocessing = 0;
		};
		3646D9782F11F0D400D3017D /* Sources */ = {
			isa = PBXSourcesBuildPhase;
			buildActionMask = 2147483647;
			files = (
			);
			runOnlyForDeploymentPostprocessing = 0;
		};
/* End PBXSourcesBuildPhase section */

/* Begin PBXTargetDependency section */
		3646D9742F11F0D400D3017D /* PBXTargetDependency */ = {
			isa = PBXTargetDependency;
			target = 3646D9642F11F0D300D3017D /* Sertifikasi_ISB */;
			targetProxy = 3646D9732F11F0D400D3017D /* PBXContainerItemProxy */;
		};
		3646D97E2F11F0D400D3017D /* PBXTargetDependency */ = {
			isa = PBXTargetDependency;
			target = 3646D9642F11F0D300D3017D /* Sertifikasi_ISB */;
			targetProxy = 3646D97D2F11F0D400D3017D /* PBXContainerItemProxy */;
		};
/* End PBXTargetDependency section */

/* Begin XCBuildConfiguration section */
		3646D9842F11F0D400D3017D /* Debug */ = {
			isa = XCBuildConfiguration;
			buildSettings = {
				ALWAYS_SEARCH_USER_PATHS = NO;
				ASSETCATALOG_COMPILER_GENERATE_SWIFT_ASSET_SYMBOL_EXTENSIONS = YES;
				CLANG_ANALYZER_NONNULL = YES;
				CLANG_ANALYZER_NUMBER_OBJECT_CONVERSION = YES_AGGRESSIVE;
				CLANG_CXX_LANGUAGE_STANDARD = "gnu++20";
				CLANG_ENABLE_MODULES = YES;
				CLANG_ENABLE_OBJC_ARC = YES;
				CLANG_ENABLE_OBJC_WEAK = YES;
				CLANG_WARN_BLOCK_CAPTURE_AUTORELEASING = YES;
				CLANG_WARN_BOOL_CONVERSION = YES;
				CLANG_WARN_COMMA = YES;
				CLANG_WARN_CONSTANT_CONVERSION = YES;
				CLANG_WARN_DEPRECATED_OBJC_IMPLEMENTATIONS = YES;
				CLANG_WARN_DIRECT_OBJC_ISA_USAGE = YES_ERROR;
				CLANG_WARN_DOCUMENTATION_COMMENTS = YES;
				CLANG_WARN_EMPTY_BODY = YES;
				CLANG_WARN_ENUM_CONVERSION = YES;
				CLANG_WARN_INFINITE_RECURSION = YES;
				CLANG_WARN_INT_CONVERSION = YES;
				CLANG_WARN_NON_LITERAL_NULL_CONVERSION = YES;
				CLANG_WARN_OBJC_IMPLICIT_RETAIN_SELF = YES;
				CLANG_WARN_OBJC_LITERAL_CONVERSION = YES;
				CLANG_WARN_OBJC_ROOT_CLASS = YES_ERROR;
				CLANG_WARN_QUOTED_INCLUDE_IN_FRAMEWORK_HEADER = YES;
				CLANG_WARN_RANGE_LOOP_ANALYSIS = YES;
				CLANG_WARN_STRICT_PROTOTYPES = YES;
				CLANG_WARN_SUSPICIOUS_MOVE = YES;
				CLANG_WARN_UNGUARDED_AVAILABILITY = YES_AGGRESSIVE;
				CLANG_WARN_UNREACHABLE_CODE = YES;
				CLANG_WARN__DUPLICATE_METHOD_MATCH = YES;
				COPY_PHASE_STRIP = NO;
				DEBUG_INFORMATION_FORMAT = dwarf;
				ENABLE_STRICT_OBJC_MSGSEND = YES;
				ENABLE_TESTABILITY = YES;
				ENABLE_USER_SCRIPT_SANDBOXING = YES;
				GCC_C_LANGUAGE_STANDARD = gnu17;
				GCC_DYNAMIC_NO_PIC = NO;
				GCC_NO_COMMON_BLOCKS = YES;
				GCC_OPTIMIZATION_LEVEL = 0;
				GCC_PREPROCESSOR_DEFINITIONS = (
					"DEBUG=1",
					"$(inherited)",
				);
				GCC_WARN_64_TO_32_BIT_CONVERSION = YES;
				GCC_WARN_ABOUT_RETURN_TYPE = YES_ERROR;
				GCC_WARN_UNDECLARED_SELECTOR = YES;
				GCC_WARN_UNINITIALIZED_AUTOS = YES_AGGRESSIVE;
				GCC_WARN_UNUSED_FUNCTION = YES;
				GCC_WARN_UNUSED_VARIABLE = YES;
				IPHONEOS_DEPLOYMENT_TARGET = 26.0;
				LOCALIZATION_PREFERS_STRING_CATALOGS = YES;
				MTL_ENABLE_DEBUG_INFO = INCLUDE_SOURCE;
				MTL_FAST_MATH = YES;
				ONLY_ACTIVE_ARCH = YES;
				SDKROOT = iphoneos;
				SWIFT_ACTIVE_COMPILATION_CONDITIONS = "DEBUG $(inherited)";
				SWIFT_OPTIMIZATION_LEVEL = "-Onone";
			};
			name = Debug;
		};
		3646D9852F11F0D400D3017D /* Release */ = {
			isa = XCBuildConfiguration;
			buildSettings = {
				ALWAYS_SEARCH_USER_PATHS = NO;
				ASSETCATALOG_COMPILER_GENERATE_SWIFT_ASSET_SYMBOL_EXTENSIONS = YES;
				CLANG_ANALYZER_NONNULL = YES;
				CLANG_ANALYZER_NUMBER_OBJECT_CONVERSION = YES_AGGRESSIVE;
				CLANG_CXX_LANGUAGE_STANDARD = "gnu++20";
				CLANG_ENABLE_MODULES = YES;
				CLANG_ENABLE_OBJC_ARC = YES;
				CLANG_ENABLE_OBJC_WEAK = YES;
				CLANG_WARN_BLOCK_CAPTURE_AUTORELEASING = YES;
				CLANG_WARN_BOOL_CONVERSION = YES;
				CLANG_WARN_COMMA = YES;
				CLANG_WARN_CONSTANT_CONVERSION = YES;
				CLANG_WARN_DEPRECATED_OBJC_IMPLEMENTATIONS = YES;
				CLANG_WARN_DIRECT_OBJC_ISA_USAGE = YES_ERROR;
				CLANG_WARN_DOCUMENTATION_COMMENTS = YES;
				CLANG_WARN_EMPTY_BODY = YES;
				CLANG_WARN_ENUM_CONVERSION = YES;
				CLANG_WARN_INFINITE_RECURSION = YES;
				CLANG_WARN_INT_CONVERSION = YES;
				CLANG_WARN_NON_LITERAL_NULL_CONVERSION = YES;
				CLANG_WARN_OBJC_IMPLICIT_RETAIN_SELF = YES;
				CLANG_WARN_OBJC_LITERAL_CONVERSION = YES;
				CLANG_WARN_OBJC_ROOT_CLASS = YES_ERROR;
				CLANG_WARN_QUOTED_INCLUDE_IN_FRAMEWORK_HEADER = YES;
				CLANG_WARN_RANGE_LOOP_ANALYSIS = YES;
				CLANG_WARN_STRICT_PROTOTYPES = YES;
				CLANG_WARN_SUSPICIOUS_MOVE = YES;
				CLANG_WARN_UNGUARDED_AVAILABILITY = YES_AGGRESSIVE;
				CLANG_WARN_UNREACHABLE_CODE = YES;
				CLANG_WARN__DUPLICATE_METHOD_MATCH = YES;
				COPY_PHASE_STRIP = NO;
				DEBUG_INFORMATION_FORMAT = "dwarf-with-dsym";
				ENABLE_NS_ASSERTIONS = NO;
				ENABLE_STRICT_OBJC_MSGSEND = YES;
				ENABLE_USER_SCRIPT_SANDBOXING = YES;
				GCC_C_LANGUAGE_STANDARD = gnu17;
				GCC_NO_COMMON_BLOCKS = YES;
				GCC_WARN_64_TO_32_BIT_CONVERSION = YES;
				GCC_WARN_ABOUT_RETURN_TYPE = YES_ERROR;
				GCC_WARN_UNDECLARED_SELECTOR = YES;
				GCC_WARN_UNINITIALIZED_AUTOS = YES_AGGRESSIVE;
				GCC_WARN_UNUSED_FUNCTION = YES;
				GCC_WARN_UNUSED_VARIABLE = YES;
				IPHONEOS_DEPLOYMENT_TARGET = 26.0;
				LOCALIZATION_PREFERS_STRING_CATALOGS = YES;
				MTL_ENABLE_DEBUG_INFO = NO;
				MTL_FAST_MATH = YES;
				SDKROOT = iphoneos;
				SWIFT_COMPILATION_MODE = wholemodule;
				VALIDATE_PRODUCT = YES;
			};
			name = Release;
		};
		3646D9872F11F0D400D3017D /* Debug */ = {
			isa = XCBuildConfiguration;
			buildSettings = {
				ASSETCATALOG_COMPILER_APPICON_NAME = AppIcon;
				ASSETCATALOG_COMPILER_GLOBAL_ACCENT_COLOR_NAME = AccentColor;
				CODE_SIGN_STYLE = Automatic;
				CURRENT_PROJECT_VERSION = 1;
				ENABLE_PREVIEWS = YES;
				GENERATE_INFOPLIST_FILE = YES;
				INFOPLIST_KEY_UIApplicationSceneManifest_Generation = YES;
				INFOPLIST_KEY_UIApplicationSupportsIndirectInputEvents = YES;
				INFOPLIST_KEY_UILaunchScreen_Generation = YES;
				INFOPLIST_KEY_UISupportedInterfaceOrientations_iPad = "UIInterfaceOrientationPortrait UIInterfaceOrientationPortraitUpsideDown UIInterfaceOrientationLandscapeLeft UIInterfaceOrientationLandscapeRight";
				INFOPLIST_KEY_UISupportedInterfaceOrientations_iPhone = "UIInterfaceOrientationPortrait UIInterfaceOrientationLandscapeLeft UIInterfaceOrientationLandscapeRight";
				LD_RUNPATH_SEARCH_PATHS = (
					"$(inherited)",
					"@executable_path/Frameworks",
				);
				MARKETING_VERSION = 1.0;
				PRODUCT_BUNDLE_IDENTIFIER = "Juan.Sertifikasi-ISB";
				PRODUCT_NAME = "$(TARGET_NAME)";
				STRING_CATALOG_GENERATE_SYMBOLS = YES;
				SWIFT_APPROACHABLE_CONCURRENCY = YES;
				SWIFT_DEFAULT_ACTOR_ISOLATION = MainActor;
				SWIFT_EMIT_LOC_STRINGS = YES;
				SWIFT_UPCOMING_FEATURE_MEMBER_IMPORT_VISIBILITY = YES;
				SWIFT_VERSION = 5.0;
				TARGETED_DEVICE_FAMILY = "1,2";
			};
			name = Debug;
		};
		3646D9882F11F0D400D3017D /* Release */ = {
			isa = XCBuildConfiguration;
			buildSettings = {
				ASSETCATALOG_COMPILER_APPICON_NAME = AppIcon;
				ASSETCATALOG_COMPILER_GLOBAL_ACCENT_COLOR_NAME = AccentColor;
				CODE_SIGN_STYLE = Automatic;
				CURRENT_PROJECT_VERSION = 1;
				ENABLE_PREVIEWS = YES;
				GENERATE_INFOPLIST_FILE = YES;
				INFOPLIST_KEY_UIApplicationSceneManifest_Generation = YES;
				INFOPLIST_KEY_UIApplicationSupportsIndirectInputEvents = YES;
				INFOPLIST_KEY_UILaunchScreen_Generation = YES;
				INFOPLIST_KEY_UISupportedInterfaceOrientations_iPad = "UIInterfaceOrientationPortrait UIInterfaceOrientationPortraitUpsideDown UIInterfaceOrientationLandscapeLeft UIInterfaceOrientationLandscapeRight";
				INFOPLIST_KEY_UISupportedInterfaceOrientations_iPhone = "UIInterfaceOrientationPortrait UIInterfaceOrientationLandscapeLeft UIInterfaceOrientationLandscapeRight";
				LD_RUNPATH_SEARCH_PATHS = (
					"$(inherited)",
					"@executable_path/Frameworks",
				);
				MARKETING_VERSION = 1.0;
				PRODUCT_BUNDLE_IDENTIFIER = "Juan.Sertifikasi-ISB";
				PRODUCT_NAME = "$(TARGET_NAME)";
				STRING_CATALOG_GENERATE_SYMBOLS = YES;
				SWIFT_APPROACHABLE_CONCURRENCY = YES;
				SWIFT_DEFAULT_ACTOR_ISOLATION = MainActor;
				SWIFT_EMIT_LOC_STRINGS = YES;
				SWIFT_UPCOMING_FEATURE_MEMBER_IMPORT_VISIBILITY = YES;
				SWIFT_VERSION = 5.0;
				TARGETED_DEVICE_FAMILY = "1,2";
			};
			name = Release;
		};
		3646D98A2F11F0D400D3017D /* Debug */ = {
			isa = XCBuildConfiguration;
			buildSettings = {
				BUNDLE_LOADER = "$(TEST_HOST)";
				CODE_SIGN_STYLE = Automatic;
				CURRENT_PROJECT_VERSION = 1;
				GENERATE_INFOPLIST_FILE = YES;
				IPHONEOS_DEPLOYMENT_TARGET = 26.0;
				MARKETING_VERSION = 1.0;
				PRODUCT_BUNDLE_IDENTIFIER = "Juan.Sertifikasi-ISBTests";
				PRODUCT_NAME = "$(TARGET_NAME)";
				STRING_CATALOG_GENERATE_SYMBOLS = NO;
				SWIFT_APPROACHABLE_CONCURRENCY = YES;
				SWIFT_EMIT_LOC_STRINGS = NO;
				SWIFT_UPCOMING_FEATURE_MEMBER_IMPORT_VISIBILITY = YES;
				SWIFT_VERSION = 5.0;
				TARGETED_DEVICE_FAMILY = "1,2";
				TEST_HOST = "$(BUILT_PRODUCTS_DIR)/Sertifikasi_ISB.app/$(BUNDLE_EXECUTABLE_FOLDER_PATH)/Sertifikasi_ISB";
			};
			name = Debug;
		};
		3646D98B2F11F0D400D3017D /* Release */ = {
			isa = XCBuildConfiguration;
			buildSettings = {
				BUNDLE_LOADER = "$(TEST_HOST)";
				CODE_SIGN_STYLE = Automatic;
				CURRENT_PROJECT_VERSION = 1;
				GENERATE_INFOPLIST_FILE = YES;
				IPHONEOS_DEPLOYMENT_TARGET = 26.0;
				MARKETING_VERSION = 1.0;
				PRODUCT_BUNDLE_IDENTIFIER = "Juan.Sertifikasi-ISBTests";
				PRODUCT_NAME = "$(TARGET_NAME)";
				STRING_CATALOG_GENERATE_SYMBOLS = NO;
				SWIFT_APPROACHABLE_CONCURRENCY = YES;
				SWIFT_EMIT_LOC_STRINGS = NO;
				SWIFT_UPCOMING_FEATURE_MEMBER_IMPORT_VISIBILITY = YES;
				SWIFT_VERSION = 5.0;
				TARGETED_DEVICE_FAMILY = "1,2";
				TEST_HOST = "$(BUILT_PRODUCTS_DIR)/Sertifikasi_ISB.app/$(BUNDLE_EXECUTABLE_FOLDER_PATH)/Sertifikasi_ISB";
			};
			name = Release;
		};
		3646D98D2F11F0D400D3017D /* Debug */ = {
			isa = XCBuildConfiguration;
			buildSettings = {
				CODE_SIGN_STYLE = Automatic;
				CURRENT_PROJECT_VERSION = 1;
				GENERATE_INFOPLIST_FILE = YES;
				MARKETING_VERSION = 1.0;
				PRODUCT_BUNDLE_IDENTIFIER = "Juan.Sertifikasi-ISBUITests";
				PRODUCT_NAME = "$(TARGET_NAME)";
				STRING_CATALOG_GENERATE_SYMBOLS = NO;
				SWIFT_APPROACHABLE_CONCURRENCY = YES;
				SWIFT_EMIT_LOC_STRINGS = NO;
				SWIFT_UPCOMING_FEATURE_MEMBER_IMPORT_VISIBILITY = YES;
				SWIFT_VERSION = 5.0;
				TARGETED_DEVICE_FAMILY = "1,2";
				TEST_TARGET_NAME = Sertifikasi_ISB;
			};
			name = Debug;
		};
		3646D98E2F11F0D400D3017D /* Release */ = {
			isa = XCBuildConfiguration;
			buildSettings = {
				CODE_SIGN_STYLE = Automatic;
				CURRENT_PROJECT_VERSION = 1;
				GENERATE_INFOPLIST_FILE = YES;
				MARKETING_VERSION = 1.0;
				PRODUCT_BUNDLE_IDENTIFIER = "Juan.Sertifikasi-ISBUITests";
				PRODUCT_NAME = "$(TARGET_NAME)";
				STRING_CATALOG_GENERATE_SYMBOLS = NO;
				SWIFT_APPROACHABLE_CONCURRENCY = YES;
				SWIFT_EMIT_LOC_STRINGS = NO;
				SWIFT_UPCOMING_FEATURE_MEMBER_IMPORT_VISIBILITY = YES;
				SWIFT_VERSION = 5.0;
				TARGETED_DEVICE_FAMILY = "1,2";
				TEST_TARGET_NAME = Sertifikasi_ISB;
			};
			name = Release;
		};
/* End XCBuildConfiguration section */

/* Begin XCConfigurationList section */
		3646D9602F11F0D300D3017D /* Build configuration list for PBXProject "Sertifikasi_ISB" */ = {
			isa = XCConfigurationList;
			buildConfigurations = (
				3646D9842F11F0D400D3017D /* Debug */,
				3646D9852F11F0D400D3017D /* Release */,
			);
			defaultConfigurationIsVisible = 0;
			defaultConfigurationName = Release;
		};
		3646D9862F11F0D400D3017D /* Build configuration list for PBXNativeTarget "Sertifikasi_ISB" */ = {
			isa = XCConfigurationList;
			buildConfigurations = (
				3646D9872F11F0D400D3017D /* Debug */,
				3646D9882F11F0D400D3017D /* Release */,
			);
			defaultConfigurationIsVisible = 0;
			defaultConfigurationName = Release;
		};
		3646D9892F11F0D400D3017D /* Build configuration list for PBXNativeTarget "Sertifikasi_ISBTests" */ = {
			isa = XCConfigurationList;
			buildConfigurations = (
				3646D98A2F11F0D400D3017D /* Debug */,
				3646D98B2F11F0D400D3017D /* Release */,
			);
			defaultConfigurationIsVisible = 0;
			defaultConfigurationName = Release;
		};
		3646D98C2F11F0D400D3017D /* Build configuration list for PBXNativeTarget "Sertifikasi_ISBUITests" */ = {
			isa = XCConfigurationList;
			buildConfigurations = (
				3646D98D2F11F0D400D3017D /* Debug */,
				3646D98E2F11F0D400D3017D /* Release */,
			);
			defaultConfigurationIsVisible = 0;
			defaultConfigurationName = Release;
		};
/* End XCConfigurationList section */
	};
	rootObject = 3646D95D2F11F0D300D3017D /* Project object */;
}
